
Microsoft Visual Studio Solution File, Format Version 12.00
# Visual Studio Version 17
VisualStudioVersion = 17.2.32630.192
MinimumVisualStudioVersion = 10.0.40219.1
Project("{FAE04EC0-301F-11D3-BF4B-00C04F79EFBC}") = "curso.api", "curso.api\curso.api.csproj", "{DA3DC3A6-8A54-47E2-AC3F-B52DA151E3BD}"
EndProject
Global
	GlobalSection(SolutionConfigurationPlatforms) = preSolution
		Debug|Any CPU = Debug|Any CPU
		Release|Any CPU = Release|Any CPU
	EndGlobalSection
	GlobalSection(ProjectConfigurationPlatforms) = postSolution
		{DA3DC3A6-8A54-47E2-AC3F-B52DA151E3BD}.Debug|Any CPU.ActiveCfg = Debug|Any CPU
		{DA3DC3A6-8A54-47E2-AC3F-B52DA151E3BD}.Debug|Any CPU.Build.0 = Debug|Any CPU
		{DA3DC3A6-8A54-47E2-AC3F-B52DA151E3BD}.Release|Any CPU.ActiveCfg = Release|Any CPU
		{DA3DC3A6-8A54-47E2-AC3F-B52DA151E3BD}.Release|Any CPU.Build.0 = Release|Any CPU
	EndGlobalSection
	GlobalSection(SolutionProperties) = preSolution
		HideSolutionNode = FALSE
	EndGlobalSection
	GlobalSection(ExtensibilityGlobals) = postSolution
		SolutionGuid = {A4F5237A-0FD8-4BB8-8BAA-605A505BEF4B}
	EndGlobalSection
EndGlobal
